
Microsoft Visual Studio Solution File, Format Version 12.00
# Visual Studio Version 16
VisualStudioVersion = 16.0.33927.289
MinimumVisualStudioVersion = 10.0.40219.1
Project("{FAE04EC0-301F-11D3-BF4B-00C04F79EFBC}") = "DotNetSample", "DotNetSample\DotNetSample.csproj", "{48AA362B-536A-4F1B-8286-57AB787537F9}"
EndProject
Global
	GlobalSection(SolutionConfigurationPlatforms) = preSolution
		Debug|Any CPU = Debug|Any CPU
		Release|Any CPU = Release|Any CPU
	EndGlobalSection
	GlobalSection(ProjectConfigurationPlatforms) = postSolution
		{48AA362B-536A-4F1B-8286-57AB787537F9}.Debug|Any CPU.ActiveCfg = Debug|Any CPU
		{48AA362B-536A-4F1B-8286-57AB787537F9}.Debug|Any CPU.Build.0 = Debug|Any CPU
		{48AA362B-536A-4F1B-8286-57AB787537F9}.Release|Any CPU.ActiveCfg = Release|Any CPU
		{48AA362B-536A-4F1B-8286-57AB787537F9}.Release|Any CPU.Build.0 = Release|Any CPU
	EndGlobalSection
	GlobalSection(SolutionProperties) = preSolution
		HideSolutionNode = FALSE
	EndGlobalSection
	GlobalSection(ExtensibilityGlobals) = postSolution
		SolutionGuid = {CF8657D4-6D3F-498B-AB75-DF462B17E6D8}
	EndGlobalSection
EndGlobal
